
Microsoft Visual Studio Solution File, Format Version 12.00
# Visual Studio 15
Project("{FAE04EC0-301F-11D3-BF4B-00C04F79EFBC}") = "Assembly-CSharp", "Assembly-CSharp.csproj", "{2385786F-9F1F-22E5-F200-42B2B2F4AF5B}"
EndProject
Global
	GlobalSection(SolutionConfigurationPlatforms) = preSolution
		Debug|Any CPU = Debug|Any CPU
		Release|Any CPU = Release|Any CPU
	EndGlobalSection
	GlobalSection(ProjectConfigurationPlatforms) = postSolution
		{2385786F-9F1F-22E5-F200-42B2B2F4AF5B}.Debug|Any CPU.ActiveCfg = Debug|Any CPU
		{2385786F-9F1F-22E5-F200-42B2B2F4AF5B}.Debug|Any CPU.Build.0 = Debug|Any CPU
		{2385786F-9F1F-22E5-F200-42B2B2F4AF5B}.Release|Any CPU.ActiveCfg = Release|Any CPU
		{2385786F-9F1F-22E5-F200-42B2B2F4AF5B}.Release|Any CPU.Build.0 = Release|Any CPU
	EndGlobalSection
	GlobalSection(SolutionProperties) = preSolution
		HideSolutionNode = FALSE
	EndGlobalSection
EndGlobal
